
Microsoft Visual Studio Solution File, Format Version 12.00
# Visual Studio Version 16
VisualStudioVersion = 16.0.30717.126
MinimumVisualStudioVersion = 10.0.40219.1
Project("{FAE04EC0-301F-11D3-BF4B-00C04F79EFBC}") = "ImproHound", "ImproHound.csproj", "{EDB9C451-4997-440C-864D-B1233CA56DDF}"
EndProject
Global
	GlobalSection(SolutionConfigurationPlatforms) = preSolution
		Debug|Any CPU = Debug|Any CPU
		Release|Any CPU = Release|Any CPU
	EndGlobalSection
	GlobalSection(ProjectConfigurationPlatforms) = postSolution
		{EDB9C451-4997-440C-864D-B1233CA56DDF}.Debug|Any CPU.ActiveCfg = Debug|Any CPU
		{EDB9C451-4997-440C-864D-B1233CA56DDF}.Debug|Any CPU.Build.0 = Debug|Any CPU
		{EDB9C451-4997-440C-864D-B1233CA56DDF}.Release|Any CPU.ActiveCfg = Release|Any CPU
		{EDB9C451-4997-440C-864D-B1233CA56DDF}.Release|Any CPU.Build.0 = Release|Any CPU
	EndGlobalSection
	GlobalSection(SolutionProperties) = preSolution
		HideSolutionNode = FALSE
	EndGlobalSection
	GlobalSection(ExtensibilityGlobals) = postSolution
		SolutionGuid = {5B43F33C-E7A2-47C6-A75F-18D6F39B8F34}
	EndGlobalSection
EndGlobal
